
Microsoft Visual Studio Solution File, Format Version 12.00
# Visual Studio Version 17
VisualStudioVersion = 17.11.35303.130
MinimumVisualStudioVersion = 10.0.40219.1
Project("{FAE04EC0-301F-11D3-BF4B-00C04F79EFBC}") = "studio", "studio\studio.csproj", "{477140E2-2513-4461-89DE-2C8C6AB56E2E}"
EndProject
Global
	GlobalSection(SolutionConfigurationPlatforms) = preSolution
		Debug|Any CPU = Debug|Any CPU
		Release|Any CPU = Release|Any CPU
	EndGlobalSection
	GlobalSection(ProjectConfigurationPlatforms) = postSolution
		{477140E2-2513-4461-89DE-2C8C6AB56E2E}.Debug|Any CPU.ActiveCfg = Debug|Any CPU
		{477140E2-2513-4461-89DE-2C8C6AB56E2E}.Debug|Any CPU.Build.0 = Debug|Any CPU
		{477140E2-2513-4461-89DE-2C8C6AB56E2E}.Release|Any CPU.ActiveCfg = Release|Any CPU
		{477140E2-2513-4461-89DE-2C8C6AB56E2E}.Release|Any CPU.Build.0 = Release|Any CPU
	EndGlobalSection
	GlobalSection(SolutionProperties) = preSolution
		HideSolutionNode = FALSE
	EndGlobalSection
	GlobalSection(ExtensibilityGlobals) = postSolution
		SolutionGuid = {42DCA195-22D5-48BB-BDC5-ABBBB5ABDA57}
	EndGlobalSection
EndGlobal
